{
	"name": "digital-human-pipeline",
	"version": "0.1.0",
	"lockfileVersion": 3,
	"requires": true,
	"packages": {
		"": {
			"name": "digital-human-pipeline",
			"version": "0.1.0",
			"dependencies": {
				"@puckguo123/sdk": "file:../puck-agent/puck/packages/sdk"
			},
			"engines": {
				"node": ">=22.18.0"
			}
		},
		"../puck-agent/puck/packages/sdk": {},
		"node_modules/@puckguo123/sdk": {
			"resolved": "../puck-agent/puck/packages/sdk",
			"link": true
		}
	}
}
